
Microsoft Visual Studio Solution File, Format Version 12.00
# Visual Studio Version 17
VisualStudioVersion = 17.14.36616.10 d17.14
MinimumVisualStudioVersion = 10.0.40219.1
Project("{F184B08F-C81C-45F6-A57F-5ABD9991F28F}") = "Test-IIBB-RetPer", "Test-IIBB-RetPer.vbproj", "{36804333-DD80-40E2-8E4B-F53EA41FCF2C}"
EndProject
Global
	GlobalSection(SolutionConfigurationPlatforms) = preSolution
		Debug|Any CPU = Debug|Any CPU
		Release|Any CPU = Release|Any CPU
	EndGlobalSection
	GlobalSection(ProjectConfigurationPlatforms) = postSolution
		{36804333-DD80-40E2-8E4B-F53EA41FCF2C}.Debug|Any CPU.ActiveCfg = Debug|Any CPU
		{36804333-DD80-40E2-8E4B-F53EA41FCF2C}.Debug|Any CPU.Build.0 = Debug|Any CPU
		{36804333-DD80-40E2-8E4B-F53EA41FCF2C}.Release|Any CPU.ActiveCfg = Release|Any CPU
		{36804333-DD80-40E2-8E4B-F53EA41FCF2C}.Release|Any CPU.Build.0 = Release|Any CPU
	EndGlobalSection
	GlobalSection(SolutionProperties) = preSolution
		HideSolutionNode = FALSE
	EndGlobalSection
	GlobalSection(ExtensibilityGlobals) = postSolution
		SolutionGuid = {842D20A6-7BF1-4280-A5B9-39411CFF38E6}
	EndGlobalSection
EndGlobal
